
Microsoft Visual Studio Solution File, Format Version 12.00
# Visual Studio Version 17
VisualStudioVersion = 17.8.34511.84
MinimumVisualStudioVersion = 10.0.40219.1
Project("{FAE04EC0-301F-11D3-BF4B-00C04F79EFBC}") = "Ap01", "Ap01\Ap01.csproj", "{389A1183-CB81-464F-9355-57ABEA520309}"
EndProject
Project("{FAE04EC0-301F-11D3-BF4B-00C04F79EFBC}") = "Ap02", "Ap02\Ap02.csproj", "{68B03FB6-9042-4A7E-A443-5ED9C9604414}"
EndProject
Project("{FAE04EC0-301F-11D3-BF4B-00C04F79EFBC}") = "Ap03", "Ap03\Ap03.csproj", "{C8064725-4D2E-49B1-B1C6-6160FC51E88C}"
EndProject
Project("{FAE04EC0-301F-11D3-BF4B-00C04F79EFBC}") = "Ap04", "Ap04\Ap04.csproj", "{D6F6D5F7-6A3E-4CFF-B161-FEAAF88DC749}"
EndProject
Project("{FAE04EC0-301F-11D3-BF4B-00C04F79EFBC}") = "Ap05", "Ap05\Ap05.csproj", "{1A39DDE7-4E80-465A-BEFA-0ECBDF0905AE}"
EndProject
Project("{FAE04EC0-301F-11D3-BF4B-00C04F79EFBC}") = "Ap06", "Ap06\Ap06.csproj", "{DF27F8DA-BF62-40EA-AD86-6729C9B68D65}"
EndProject
Project("{FAE04EC0-301F-11D3-BF4B-00C04F79EFBC}") = "Ap07", "Ap07\Ap07.csproj", "{BC95B0EE-5EAA-4646-B211-670DC6833B0C}"
EndProject
Project("{FAE04EC0-301F-11D3-BF4B-00C04F79EFBC}") = "Ap08", "Ap08\Ap08.csproj", "{9D542E27-F937-4689-890D-0D7C71D0F9A5}"
EndProject
Project("{FAE04EC0-301F-11D3-BF4B-00C04F79EFBC}") = "Ap09", "Ap09\Ap09.csproj", "{C82C73AC-1DA0-4333-B946-54D864053AD7}"
EndProject
Project("{FAE04EC0-301F-11D3-BF4B-00C04F79EFBC}") = "Ap10", "Ap10\Ap10.csproj", "{03DF578D-0AC9-4A88-94DC-1DEB2A0E1796}"
EndProject
Project("{FAE04EC0-301F-11D3-BF4B-00C04F79EFBC}") = "Ap11", "Ap11\Ap11.csproj", "{6692E321-9693-41F5-8DE0-595CB43B06AF}"
EndProject
Global
	GlobalSection(SolutionConfigurationPlatforms) = preSolution
		Debug|Any CPU = Debug|Any CPU
		Release|Any CPU = Release|Any CPU
	EndGlobalSection
	GlobalSection(ProjectConfigurationPlatforms) = postSolution
		{389A1183-CB81-464F-9355-57ABEA520309}.Debug|Any CPU.ActiveCfg = Debug|Any CPU
		{389A1183-CB81-464F-9355-57ABEA520309}.Debug|Any CPU.Build.0 = Debug|Any CPU
		{389A1183-CB81-464F-9355-57ABEA520309}.Release|Any CPU.ActiveCfg = Release|Any CPU
		{389A1183-CB81-464F-9355-57ABEA520309}.Release|Any CPU.Build.0 = Release|Any CPU
		{68B03FB6-9042-4A7E-A443-5ED9C9604414}.Debug|Any CPU.ActiveCfg = Debug|Any CPU
		{68B03FB6-9042-4A7E-A443-5ED9C9604414}.Debug|Any CPU.Build.0 = Debug|Any CPU
		{68B03FB6-9042-4A7E-A443-5ED9C9604414}.Release|Any CPU.ActiveCfg = Release|Any CPU
		{68B03FB6-9042-4A7E-A443-5ED9C9604414}.Release|Any CPU.Build.0 = Release|Any CPU
		{C8064725-4D2E-49B1-B1C6-6160FC51E88C}.Debug|Any CPU.ActiveCfg = Debug|Any CPU
		{C8064725-4D2E-49B1-B1C6-6160FC51E88C}.Debug|Any CPU.Build.0 = Debug|Any CPU
		{C8064725-4D2E-49B1-B1C6-6160FC51E88C}.Release|Any CPU.ActiveCfg = Release|Any CPU
		{C8064725-4D2E-49B1-B1C6-6160FC51E88C}.Release|Any CPU.Build.0 = Release|Any CPU
		{D6F6D5F7-6A3E-4CFF-B161-FEAAF88DC749}.Debug|Any CPU.ActiveCfg = Debug|Any CPU
		{D6F6D5F7-6A3E-4CFF-B161-FEAAF88DC749}.Debug|Any CPU.Build.0 = Debug|Any CPU
		{D6F6D5F7-6A3E-4CFF-B161-FEAAF88DC749}.Release|Any CPU.ActiveCfg = Release|Any CPU
		{D6F6D5F7-6A3E-4CFF-B161-FEAAF88DC749}.Release|Any CPU.Build.0 = Release|Any CPU
		{1A39DDE7-4E80-465A-BEFA-0ECBDF0905AE}.Debug|Any CPU.ActiveCfg = Debug|Any CPU
		{1A39DDE7-4E80-465A-BEFA-0ECBDF0905AE}.Debug|Any CPU.Build.0 = Debug|Any CPU
		{1A39DDE7-4E80-465A-BEFA-0ECBDF0905AE}.Release|Any CPU.ActiveCfg = Release|Any CPU
		{1A39DDE7-4E80-465A-BEFA-0ECBDF0905AE}.Release|Any CPU.Build.0 = Release|Any CPU
		{DF27F8DA-BF62-40EA-AD86-6729C9B68D65}.Debug|Any CPU.ActiveCfg = Debug|Any CPU
		{DF27F8DA-BF62-40EA-AD86-6729C9B68D65}.Debug|Any CPU.Build.0 = Debug|Any CPU
		{DF27F8DA-BF62-40EA-AD86-6729C9B68D65}.Release|Any CPU.ActiveCfg = Release|Any CPU
		{DF27F8DA-BF62-40EA-AD86-6729C9B68D65}.Release|Any CPU.Build.0 = Release|Any CPU
		{BC95B0EE-5EAA-4646-B211-670DC6833B0C}.Debug|Any CPU.ActiveCfg = Debug|Any CPU
		{BC95B0EE-5EAA-4646-B211-670DC6833B0C}.Debug|Any CPU.Build.0 = Debug|Any CPU
		{BC95B0EE-5EAA-4646-B211-670DC6833B0C}.Release|Any CPU.ActiveCfg = Release|Any CPU
		{BC95B0EE-5EAA-4646-B211-670DC6833B0C}.Release|Any CPU.Build.0 = Release|Any CPU
		{9D542E27-F937-4689-890D-0D7C71D0F9A5}.Debug|Any CPU.ActiveCfg = Debug|Any CPU
		{9D542E27-F937-4689-890D-0D7C71D0F9A5}.Debug|Any CPU.Build.0 = Debug|Any CPU
		{9D542E27-F937-4689-890D-0D7C71D0F9A5}.Release|Any CPU.ActiveCfg = Release|Any CPU
		{9D542E27-F937-4689-890D-0D7C71D0F9A5}.Release|Any CPU.Build.0 = Release|Any CPU
		{C82C73AC-1DA0-4333-B946-54D864053AD7}.Debug|Any CPU.ActiveCfg = Debug|Any CPU
		{C82C73AC-1DA0-4333-B946-54D864053AD7}.Debug|Any CPU.Build.0 = Debug|Any CPU
		{C82C73AC-1DA0-4333-B946-54D864053AD7}.Release|Any CPU.ActiveCfg = Release|Any CPU
		{C82C73AC-1DA0-4333-B946-54D864053AD7}.Release|Any CPU.Build.0 = Release|Any CPU
		{03DF578D-0AC9-4A88-94DC-1DEB2A0E1796}.Debug|Any CPU.ActiveCfg = Debug|Any CPU
		{03DF578D-0AC9-4A88-94DC-1DEB2A0E1796}.Debug|Any CPU.Build.0 = Debug|Any CPU
		{03DF578D-0AC9-4A88-94DC-1DEB2A0E1796}.Release|Any CPU.ActiveCfg = Release|Any CPU
		{03DF578D-0AC9-4A88-94DC-1DEB2A0E1796}.Release|Any CPU.Build.0 = Release|Any CPU
		{6692E321-9693-41F5-8DE0-595CB43B06AF}.Debug|Any CPU.ActiveCfg = Debug|Any CPU
		{6692E321-9693-41F5-8DE0-595CB43B06AF}.Debug|Any CPU.Build.0 = Debug|Any CPU
		{6692E321-9693-41F5-8DE0-595CB43B06AF}.Release|Any CPU.ActiveCfg = Release|Any CPU
		{6692E321-9693-41F5-8DE0-595CB43B06AF}.Release|Any CPU.Build.0 = Release|Any CPU
	EndGlobalSection
	GlobalSection(SolutionProperties) = preSolution
		HideSolutionNode = FALSE
	EndGlobalSection
	GlobalSection(ExtensibilityGlobals) = postSolution
		SolutionGuid = {2006F95C-1DD1-4A5E-ABD7-8851B3D80B92}
	EndGlobalSection
EndGlobal
